
Microsoft Visual Studio Solution File, Format Version 12.00
# Visual Studio Version 17
VisualStudioVersion = 17.5.002.0
MinimumVisualStudioVersion = 10.0.40219.1
Project("{9A19103F-16F7-4668-BE54-9A1E7A4F7556}") = "Bart.NET", "Bart.NET\Bart.NET.csproj", "{F306FFA1-0776-4059-ABD5-C11CBCF5416D}"
EndProject
Project("{FAE04EC0-301F-11D3-BF4B-00C04F79EFBC}") = "Bart.NET.Tests", "Bart.NET.Tests\Bart.NET.Tests.csproj", "{EF01FFF3-1DDA-499E-BE2B-3D9E225CB147}"
EndProject
Project("{FAE04EC0-301F-11D3-BF4B-00C04F79EFBC}") = "Bart.NET.Benchmarks", "Bart.NET.Benchmarks\Bart.NET.Benchmarks.csproj", "{80D28D61-3E21-4220-8A4E-1F288E3561B8}"
EndProject
Global
	GlobalSection(SolutionConfigurationPlatforms) = preSolution
		Debug|Any CPU = Debug|Any CPU
		Release|Any CPU = Release|Any CPU
	EndGlobalSection
	GlobalSection(ProjectConfigurationPlatforms) = postSolution
		{F306FFA1-0776-4059-ABD5-C11CBCF5416D}.Debug|Any CPU.ActiveCfg = Debug|Any CPU
		{F306FFA1-0776-4059-ABD5-C11CBCF5416D}.Debug|Any CPU.Build.0 = Debug|Any CPU
		{F306FFA1-0776-4059-ABD5-C11CBCF5416D}.Release|Any CPU.ActiveCfg = Release|Any CPU
		{F306FFA1-0776-4059-ABD5-C11CBCF5416D}.Release|Any CPU.Build.0 = Release|Any CPU
		{EF01FFF3-1DDA-499E-BE2B-3D9E225CB147}.Debug|Any CPU.ActiveCfg = Debug|Any CPU
		{EF01FFF3-1DDA-499E-BE2B-3D9E225CB147}.Debug|Any CPU.Build.0 = Debug|Any CPU
		{EF01FFF3-1DDA-499E-BE2B-3D9E225CB147}.Release|Any CPU.ActiveCfg = Release|Any CPU
		{EF01FFF3-1DDA-499E-BE2B-3D9E225CB147}.Release|Any CPU.Build.0 = Release|Any CPU
		{80D28D61-3E21-4220-8A4E-1F288E3561B8}.Debug|Any CPU.ActiveCfg = Debug|Any CPU
		{80D28D61-3E21-4220-8A4E-1F288E3561B8}.Debug|Any CPU.Build.0 = Debug|Any CPU
		{80D28D61-3E21-4220-8A4E-1F288E3561B8}.Release|Any CPU.ActiveCfg = Release|Any CPU
		{80D28D61-3E21-4220-8A4E-1F288E3561B8}.Release|Any CPU.Build.0 = Release|Any CPU
	EndGlobalSection
	GlobalSection(SolutionProperties) = preSolution
		HideSolutionNode = FALSE
	EndGlobalSection
	GlobalSection(ExtensibilityGlobals) = postSolution
		SolutionGuid = {F244C75D-7060-461A-AFE6-4E4552926722}
	EndGlobalSection
EndGlobal
